
Microsoft Visual Studio Solution File, Format Version 12.00
# Visual Studio Version 16
VisualStudioVersion = 16.0.29905.134
MinimumVisualStudioVersion = 10.0.40219.1
Project("{9A19103F-16F7-4668-BE54-9A1E7A4F7556}") = "AuthApi", "Solution\AuthApi\AuthApi.csproj", "{15F423C4-69F7-4F31-8E31-332773007BF0}"
EndProject
Project("{9A19103F-16F7-4668-BE54-9A1E7A4F7556}") = "AuthApi.Data", "Solution\AuthApi.Data\AuthApi.Data.csproj", "{07B8028A-4F54-4C99-A161-1355B291812B}"
EndProject
Project("{9A19103F-16F7-4668-BE54-9A1E7A4F7556}") = "AuthApi.Domain", "Solution\AuthApi.Domain\AuthApi.Domain.csproj", "{53741A8B-CF4E-469B-B626-DFF4BABD73A7}"
EndProject
Global
	GlobalSection(SolutionConfigurationPlatforms) = preSolution
		Debug|Any CPU = Debug|Any CPU
		Release|Any CPU = Release|Any CPU
	EndGlobalSection
	GlobalSection(ProjectConfigurationPlatforms) = postSolution
		{15F423C4-69F7-4F31-8E31-332773007BF0}.Debug|Any CPU.ActiveCfg = Debug|Any CPU
		{15F423C4-69F7-4F31-8E31-332773007BF0}.Debug|Any CPU.Build.0 = Debug|Any CPU
		{15F423C4-69F7-4F31-8E31-332773007BF0}.Release|Any CPU.ActiveCfg = Release|Any CPU
		{15F423C4-69F7-4F31-8E31-332773007BF0}.Release|Any CPU.Build.0 = Release|Any CPU
		{07B8028A-4F54-4C99-A161-1355B291812B}.Debug|Any CPU.ActiveCfg = Debug|Any CPU
		{07B8028A-4F54-4C99-A161-1355B291812B}.Debug|Any CPU.Build.0 = Debug|Any CPU
		{07B8028A-4F54-4C99-A161-1355B291812B}.Release|Any CPU.ActiveCfg = Release|Any CPU
		{07B8028A-4F54-4C99-A161-1355B291812B}.Release|Any CPU.Build.0 = Release|Any CPU
		{53741A8B-CF4E-469B-B626-DFF4BABD73A7}.Debug|Any CPU.ActiveCfg = Debug|Any CPU
		{53741A8B-CF4E-469B-B626-DFF4BABD73A7}.Debug|Any CPU.Build.0 = Debug|Any CPU
		{53741A8B-CF4E-469B-B626-DFF4BABD73A7}.Release|Any CPU.ActiveCfg = Release|Any CPU
		{53741A8B-CF4E-469B-B626-DFF4BABD73A7}.Release|Any CPU.Build.0 = Release|Any CPU
	EndGlobalSection
	GlobalSection(SolutionProperties) = preSolution
		HideSolutionNode = FALSE
	EndGlobalSection
	GlobalSection(ExtensibilityGlobals) = postSolution
		SolutionGuid = {7D4D5CAB-0F7A-448F-861E-E1584E31BFCB}
	EndGlobalSection
EndGlobal
