
Microsoft Visual Studio Solution File, Format Version 12.00
# Visual Studio Version 16
VisualStudioVersion = 16.0.29905.134
MinimumVisualStudioVersion = 10.0.40219.1
Project("{9A19103F-16F7-4668-BE54-9A1E7A4F7556}") = "AvioApi", "Solution\AvioApi\AvioApi.csproj", "{EAB7BEBC-10A6-456A-B6D5-7F4831D7E26F}"
EndProject
Project("{9A19103F-16F7-4668-BE54-9A1E7A4F7556}") = "AvioApi.Data", "Solution\AvioApi.Data\AvioApi.Data.csproj", "{1F819490-2478-4C05-8566-E0CDFA36BA92}"
EndProject
Project("{9A19103F-16F7-4668-BE54-9A1E7A4F7556}") = "AvioApi.Domain", "Solution\AvioApi.Domain\AvioApi.Domain.csproj", "{4930FE34-4AF8-480F-AF97-ABC3F88BF261}"
EndProject
Global
	GlobalSection(SolutionConfigurationPlatforms) = preSolution
		Debug|Any CPU = Debug|Any CPU
		Release|Any CPU = Release|Any CPU
	EndGlobalSection
	GlobalSection(ProjectConfigurationPlatforms) = postSolution
		{EAB7BEBC-10A6-456A-B6D5-7F4831D7E26F}.Debug|Any CPU.ActiveCfg = Debug|Any CPU
		{EAB7BEBC-10A6-456A-B6D5-7F4831D7E26F}.Debug|Any CPU.Build.0 = Debug|Any CPU
		{EAB7BEBC-10A6-456A-B6D5-7F4831D7E26F}.Release|Any CPU.ActiveCfg = Release|Any CPU
		{EAB7BEBC-10A6-456A-B6D5-7F4831D7E26F}.Release|Any CPU.Build.0 = Release|Any CPU
		{1F819490-2478-4C05-8566-E0CDFA36BA92}.Debug|Any CPU.ActiveCfg = Debug|Any CPU
		{1F819490-2478-4C05-8566-E0CDFA36BA92}.Debug|Any CPU.Build.0 = Debug|Any CPU
		{1F819490-2478-4C05-8566-E0CDFA36BA92}.Release|Any CPU.ActiveCfg = Release|Any CPU
		{1F819490-2478-4C05-8566-E0CDFA36BA92}.Release|Any CPU.Build.0 = Release|Any CPU
		{4930FE34-4AF8-480F-AF97-ABC3F88BF261}.Debug|Any CPU.ActiveCfg = Debug|Any CPU
		{4930FE34-4AF8-480F-AF97-ABC3F88BF261}.Debug|Any CPU.Build.0 = Debug|Any CPU
		{4930FE34-4AF8-480F-AF97-ABC3F88BF261}.Release|Any CPU.ActiveCfg = Release|Any CPU
		{4930FE34-4AF8-480F-AF97-ABC3F88BF261}.Release|Any CPU.Build.0 = Release|Any CPU
	EndGlobalSection
	GlobalSection(SolutionProperties) = preSolution
		HideSolutionNode = FALSE
	EndGlobalSection
	GlobalSection(ExtensibilityGlobals) = postSolution
		SolutionGuid = {7D4D5CAB-0F7A-448F-861E-E1584E31BFCB}
	EndGlobalSection
EndGlobal
