
Microsoft Visual Studio Solution File, Format Version 12.00
# Visual Studio Version 16
VisualStudioVersion = 16.0.29905.134
MinimumVisualStudioVersion = 10.0.40219.1
Project("{9A19103F-16F7-4668-BE54-9A1E7A4F7556}") = "RentACarApi", "Solution\RentACarApi\RentACarApi.csproj", "{CF865251-E966-4737-A851-4C1AE882C47F}"
EndProject
Project("{9A19103F-16F7-4668-BE54-9A1E7A4F7556}") = "RentACarApi.Data", "Solution\RentACarApi.Data\RentACarApi.Data.csproj", "{94C2836C-F772-4FCE-9630-2195B8C233BD}"
EndProject
Project("{9A19103F-16F7-4668-BE54-9A1E7A4F7556}") = "RentACarApi.Domain", "Solution\RentACarApi.Domain\RentACarApi.Domain.csproj", "{506135F5-EAC4-4925-89AC-3F2352324AAB}"
EndProject
Global
	GlobalSection(SolutionConfigurationPlatforms) = preSolution
		Debug|Any CPU = Debug|Any CPU
		Release|Any CPU = Release|Any CPU
	EndGlobalSection
	GlobalSection(ProjectConfigurationPlatforms) = postSolution
		{CF865251-E966-4737-A851-4C1AE882C47F}.Debug|Any CPU.ActiveCfg = Debug|Any CPU
		{CF865251-E966-4737-A851-4C1AE882C47F}.Debug|Any CPU.Build.0 = Debug|Any CPU
		{CF865251-E966-4737-A851-4C1AE882C47F}.Release|Any CPU.ActiveCfg = Release|Any CPU
		{CF865251-E966-4737-A851-4C1AE882C47F}.Release|Any CPU.Build.0 = Release|Any CPU
		{94C2836C-F772-4FCE-9630-2195B8C233BD}.Debug|Any CPU.ActiveCfg = Debug|Any CPU
		{94C2836C-F772-4FCE-9630-2195B8C233BD}.Debug|Any CPU.Build.0 = Debug|Any CPU
		{94C2836C-F772-4FCE-9630-2195B8C233BD}.Release|Any CPU.ActiveCfg = Release|Any CPU
		{94C2836C-F772-4FCE-9630-2195B8C233BD}.Release|Any CPU.Build.0 = Release|Any CPU
		{506135F5-EAC4-4925-89AC-3F2352324AAB}.Debug|Any CPU.ActiveCfg = Debug|Any CPU
		{506135F5-EAC4-4925-89AC-3F2352324AAB}.Debug|Any CPU.Build.0 = Debug|Any CPU
		{506135F5-EAC4-4925-89AC-3F2352324AAB}.Release|Any CPU.ActiveCfg = Release|Any CPU
		{506135F5-EAC4-4925-89AC-3F2352324AAB}.Release|Any CPU.Build.0 = Release|Any CPU
	EndGlobalSection
	GlobalSection(SolutionProperties) = preSolution
		HideSolutionNode = FALSE
	EndGlobalSection
	GlobalSection(ExtensibilityGlobals) = postSolution
		SolutionGuid = {7D4D5CAB-0F7A-448F-861E-E1584E31BFCB}
	EndGlobalSection
EndGlobal
